
Microsoft Visual Studio Solution File, Format Version 12.00
# Visual Studio Version 16
VisualStudioVersion = 16.0.30907.101
MinimumVisualStudioVersion = 10.0.40219.1
Project("{FAE04EC0-301F-11D3-BF4B-00C04F79EFBC}") = "First", "First\First.csproj", "{F5B47A84-8179-44AD-A1BE-3B6054D6ADAC}"
EndProject
Global
	GlobalSection(SolutionConfigurationPlatforms) = preSolution
		Debug|Any CPU = Debug|Any CPU
		Release|Any CPU = Release|Any CPU
	EndGlobalSection
	GlobalSection(ProjectConfigurationPlatforms) = postSolution
		{F5B47A84-8179-44AD-A1BE-3B6054D6ADAC}.Debug|Any CPU.ActiveCfg = Debug|Any CPU
		{F5B47A84-8179-44AD-A1BE-3B6054D6ADAC}.Debug|Any CPU.Build.0 = Debug|Any CPU
		{F5B47A84-8179-44AD-A1BE-3B6054D6ADAC}.Release|Any CPU.ActiveCfg = Release|Any CPU
		{F5B47A84-8179-44AD-A1BE-3B6054D6ADAC}.Release|Any CPU.Build.0 = Release|Any CPU
	EndGlobalSection
	GlobalSection(SolutionProperties) = preSolution
		HideSolutionNode = FALSE
	EndGlobalSection
	GlobalSection(ExtensibilityGlobals) = postSolution
		SolutionGuid = {96F66B48-3297-4F84-92F3-FA462E6606E5}
	EndGlobalSection
EndGlobal
